<Solution>
  <Project Path="Game.Map.Runtime.csproj" />
  <Project Path="Game.Character.Tests.EditMode.csproj" />
  <Project Path="Game.Character.Live.csproj" />
  <Project Path="Game.Character.Runtime.csproj" />
  <Project Path="Game.Map.Tests.EditMode.csproj" />
  <Project Path="Game.Map.Tests.PlayMode.csproj" />
  <Project Path="Game.Character.Live.Hud.csproj" />
  <Project Path="Game.Character.Live.PlayMode.Tests.csproj" />
  <Project Path="Game.Map.SV5.Examples.Editor.csproj" />
  <Project Path="Game.Map.SV5.Examples.Runtime.csproj" />
  <Project Path="Game.Map.SV5.Examples.PlayMode.Tests.csproj" />
</Solution>
