<Solution>
  <Project Path="Game.Map.Runtime.csproj" />
  <Project Path="Game.Map.Tests.EditMode.csproj" />
  <Project Path="StarNight.Runtime.csproj" />
  <Project Path="Game.Character.Tests.EditMode.csproj" />
  <Project Path="MapAuthoring.Editor.csproj" />
  <Project Path="Assembly-CSharp.csproj" />
  <Project Path="Game.Character.Live.csproj" />
  <Project Path="Game.Character.Runtime.csproj" />
  <Project Path="Game.UI.Tests.PlayMode.csproj" />
  <Project Path="Game.Tools.Runtime.csproj" />
  <Project Path="Game.Interaction.Runtime.csproj" />
  <Project Path="Game.Narrative.Runtime.csproj" />
  <Project Path="Assembly-CSharp-Editor.csproj" />
  <Project Path="MapAuthoring.Tests.EditMode.csproj" />
  <Project Path="ToolAuthoring.Editor.csproj" />
  <Project Path="Game.UI.Runtime.csproj" />
  <Project Path="Game.Core.Tests.EditMode.csproj" />
  <Project Path="Game.Integration.Runtime.csproj" />
  <Project Path="Game.Player.Runtime.csproj" />
  <Project Path="Game.Stage.Runtime.csproj" />
  <Project Path="Game.Core.Runtime.csproj" />
  <Project Path="Game.Core.Tests.PlayMode.csproj" />
  <Project Path="StarNight.Editor.csproj" />
  <Project Path="Game.Player.Tests.PlayMode.csproj" />
  <Project Path="Game.Stage.Tests.EditMode.csproj" />
  <Project Path="StarNight.Tests.PlayMode.csproj" />
  <Project Path="StarNight.Tests.EditMode.csproj" />
  <Project Path="Game.Stage.Editor.csproj" />
  <Project Path="Game.Tools.Tests.EditMode.csproj" />
  <Project Path="Game.Stage.Tests.PlayMode.csproj" />
  <Project Path="Game.Interaction.Tests.EditMode.csproj" />
  <Project Path="Game.Narrative.Editor.csproj" />
  <Project Path="Game.Character.Live.Hud.csproj" />
  <Project Path="ToolAuthoring.Tests.EditMode.csproj" />
  <Project Path="Game.Character.Live.PlayMode.Tests.csproj" />
  <Project Path="Game.Narrative.Tests.PlayMode.csproj" />
  <Project Path="Game.UI.Editor.csproj" />
  <Project Path="Game.Player.Tests.EditMode.csproj" />
  <Project Path="Game.Integration.Tests.EditMode.csproj" />
  <Project Path="Game.Narrative.Tests.EditMode.csproj" />
  <Project Path="Game.Integration.Editor.csproj" />
  <Project Path="Game.Integration.Tests.PlayMode.csproj" />
  <Project Path="Game.UI.Tests.EditMode.csproj" />
</Solution>
